
Microsoft Visual Studio Solution File, Format Version 12.00
# Visual Studio Version 16
VisualStudioVersion = 16.0.29613.14
MinimumVisualStudioVersion = 10.0.40219.1
Project("{FAE04EC0-301F-11D3-BF4B-00C04F79EFBC}") = "Villa Farms", "Villa Farms.csproj", "{35FD9098-AE25-4DA6-8D94-48D015ECD7A5}"
EndProject
Project("{2150E333-8FDC-42A3-9474-1A3956D46DE8}") = "Solution Items", "Solution Items", "{4F170A89-0970-489D-BBB8-A181C16D6C14}"
	ProjectSection(SolutionItems) = preProject
		bin\Debug\Lease.docx = bin\Debug\Lease.docx
		bin\Debug\lease.json = bin\Debug\lease.json
	EndProjectSection
EndProject
Global
	GlobalSection(SolutionConfigurationPlatforms) = preSolution
		Debug|Any CPU = Debug|Any CPU
		Release|Any CPU = Release|Any CPU
	EndGlobalSection
	GlobalSection(ProjectConfigurationPlatforms) = postSolution
		{35FD9098-AE25-4DA6-8D94-48D015ECD7A5}.Debug|Any CPU.ActiveCfg = Debug|Any CPU
		{35FD9098-AE25-4DA6-8D94-48D015ECD7A5}.Debug|Any CPU.Build.0 = Debug|Any CPU
		{35FD9098-AE25-4DA6-8D94-48D015ECD7A5}.Release|Any CPU.ActiveCfg = Release|Any CPU
		{35FD9098-AE25-4DA6-8D94-48D015ECD7A5}.Release|Any CPU.Build.0 = Release|Any CPU
	EndGlobalSection
	GlobalSection(SolutionProperties) = preSolution
		HideSolutionNode = FALSE
	EndGlobalSection
	GlobalSection(ExtensibilityGlobals) = postSolution
		SolutionGuid = {7E64B12B-4C78-43FC-BE10-070C35043B7B}
	EndGlobalSection
EndGlobal
